{
    "_readme": [
        "This file locks the dependencies of your project to a known state",
        "Read more about it at https://getcomposer.org/doc/01-basic-usage.md#installing-dependencies",
        "This file is @generated automatically"
    ],
    "content-hash": "322f5780a92438253144fe0373b10b7e",
    "packages": [],
    "packages-dev": [
        {
            "name": "php-stubs/woocommerce-stubs",
            "version": "v7.9.0",
            "source": {
                "type": "git",
                "url": "https://github.com/php-stubs/woocommerce-stubs.git",
                "reference": "3a2f522e29451490c357af550227795d2b0fc55a"
            },
            "dist": {
                "type": "zip",
                "url": "https://api.github.com/repos/php-stubs/woocommerce-stubs/zipball/3a2f522e29451490c357af550227795d2b0fc55a",
                "reference": "3a2f522e29451490c357af550227795d2b0fc55a",
                "shasum": ""
            },
            "require": {
                "php-stubs/wordpress-stubs": "^5.3 || ^6.0"
            },
            "require-dev": {
                "php": "~7.1 || ~8.0",
                "php-stubs/generator": "^0.8.0"
            },
            "suggest": {
                "symfony/polyfill-php73": "Symfony polyfill backporting some PHP 7.3+ features to lower PHP versions",
                "szepeviktor/phpstan-wordpress": "WordPress extensions for PHPStan"
            },
            "type": "library",
            "notification-url": "https://packagist.org/downloads/",
            "license": [
                "MIT"
            ],
            "description": "WooCommerce function and class declaration stubs for static analysis.",
            "homepage": "https://github.com/php-stubs/woocommerce-stubs",
            "keywords": [
                "PHPStan",
                "static analysis",
                "woocommerce",
                "wordpress"
            ],
            "support": {
                "issues": "https://github.com/php-stubs/woocommerce-stubs/issues",
                "source": "https://github.com/php-stubs/woocommerce-stubs/tree/v7.9.0"
            },
            "time": "2023-07-17T22:41:38+00:00"
        },
        {
            "name": "php-stubs/wordpress-stubs",
            "version": "v6.5.2",
            "source": {
                "type": "git",
                "url": "https://github.com/php-stubs/wordpress-stubs.git",
                "reference": "379f17a90c01498d4c99a0d15aab6e7aa6a2c840"
            },
            "dist": {
                "type": "zip",
                "url": "https://api.github.com/repos/php-stubs/wordpress-stubs/zipball/379f17a90c01498d4c99a0d15aab6e7aa6a2c840",
                "reference": "379f17a90c01498d4c99a0d15aab6e7aa6a2c840",
                "shasum": ""
            },
            "require-dev": {
                "dealerdirect/phpcodesniffer-composer-installer": "^1.0",
                "nikic/php-parser": "^4.13",
                "php": "^7.4 || ~8.0.0",
                "php-stubs/generator": "^0.8.3",
                "phpdocumentor/reflection-docblock": "5.3",
                "phpstan/phpstan": "^1.10.49",
                "phpunit/phpunit": "^9.5",
                "szepeviktor/phpcs-psr-12-neutron-hybrid-ruleset": "^0.11"
            },
            "suggest": {
                "paragonie/sodium_compat": "Pure PHP implementation of libsodium",
                "symfony/polyfill-php80": "Symfony polyfill backporting some PHP 8.0+ features to lower PHP versions",
                "szepeviktor/phpstan-wordpress": "WordPress extensions for PHPStan"
            },
            "type": "library",
            "notification-url": "https://packagist.org/downloads/",
            "license": [
                "MIT"
            ],
            "description": "WordPress function and class declaration stubs for static analysis.",
            "homepage": "https://github.com/php-stubs/wordpress-stubs",
            "keywords": [
                "PHPStan",
                "static analysis",
                "wordpress"
            ],
            "support": {
                "issues": "https://github.com/php-stubs/wordpress-stubs/issues",
                "source": "https://github.com/php-stubs/wordpress-stubs/tree/v6.5.2"
            },
            "time": "2024-04-14T17:30:14+00:00"
        }
    ],
    "aliases": [],
    "minimum-stability": "stable",
    "stability-flags": [],
    "prefer-stable": false,
    "prefer-lowest": false,
    "platform": [],
    "platform-dev": {
        "php": "~7.1 || ~8.0"
    },
    "plugin-api-version": "2.3.0"
}
